devDependencies:
  '@ionic/core': 5.0.6
  '@stencil/core': 1.8.11
  prettier: 2.0.2
lockfileVersion: 5.1
packages:
  /@ionic/core/5.0.6:
    dependencies:
      ionicons: 5.0.1
      tslib: 1.11.1
    dev: true
    resolution:
      integrity: sha512-ia1jcIkTmkzmChVaOwEO0iesBQ+vbmZHbw9nsEVCU3/E9nYziXN4sUq4nlM2z4XWzlGlmS1SHQy1Hz82f6Rtag==
  /@stencil/core/1.8.11:
    dependencies:
      typescript: 3.8.2
    dev: true
    engines:
      node: '>=8.9.0'
      npm: '>=6.0.0'
    hasBin: true
    resolution:
      integrity: sha512-CWalrysaD+AFyPSd6ZJzBnGdp6vZIF9MajvnQg+jJd2s67HbO1B9lPDKtX8mPW9HF3/3o0XMVQR1F9uLBqIviA==
  /ionicons/5.0.1:
    dev: true
    resolution:
      integrity: sha512-P9GHr7pgCJcG211W0wute49NZ9AvJZvFJf4OwYybakjX6j7tu0q5t5HNWn9bcb9YjI7SxBblJg8iqQ1Yb59DXw==
  /prettier/2.0.2:
    dev: true
    engines:
      node: '>=10.13.0'
    hasBin: true
    resolution:
      integrity: sha512-5xJQIPT8BraI7ZnaDwSbu5zLrB6vvi8hVV58yHQ+QK64qrY40dULy0HSRlQ2/2IdzeBpjhDkqdcFBnFeDEMVdg==
  /tslib/1.11.1:
    dev: true
    resolution:
      integrity: sha512-aZW88SY8kQbU7gpV19lN24LtXh/yD4ZZg6qieAJDDg+YBsJcSmLGK9QpnUjAKVG/xefmvJGd1WUmfpT/g6AJGA==
  /typescript/3.8.2:
    dev: true
    engines:
      node: '>=4.2.0'
    hasBin: true
    resolution:
      integrity: sha512-EgOVgL/4xfVrCMbhYKUQTdF37SQn4Iw73H5BgCrF1Abdun7Kwy/QZsE/ssAy0y4LxBbvua3PIbFsbRczWWnDdQ==
specifiers:
  '@ionic/core': 5.0.6
  '@stencil/core': ~1.8.8
  prettier: ^2.0.2
